{
  "object": {
    "pins": [
      {
        "package": "APIClient",
        "repositoryURL": "https://github.com/Arohak/APIClient.git",
        "state": {
          "branch": null,
          "revision": "778aae81f36bdc6cf78481d445a2cf367f13ca24",
          "version": "0.1.6"
        }
      },
      {
        "package": "TinyConstraints",
        "repositoryURL": "https://github.com/roberthein/TinyConstraints.git",
        "state": {
          "branch": null,
          "revision": "3262e5c591d4ab6272255df2087a01bbebd138dc",
          "version": "4.0.2"
        }
      }
    ]
  },
  "version": 1
}
